DEPENDENCIES
  chef.cookbook.dev
    path: .
    metadata: true

GRAPH
  build-essential (8.0.0)
    mingw (>= 1.1)
    seven_zip (>= 0.0.0)
  chef.cookbook.dev (0.1.2)
    git (~> 6.0)
    libarchive (>= 0.0.0)
    resolver (>= 0.0.0)
    zipfile (~> 0.2.0)
  compat_resource (12.16.3)
  dmg (3.1.0)
  git (6.0.0)
    build-essential (>= 0.0.0)
    dmg (>= 0.0.0)
    yum-epel (>= 0.0.0)
  libarchive (0.7.0)
  mingw (2.0.0)
    seven_zip (>= 0.0.0)
  ohai (5.0.2)
  resolver (2.0.1)
  seven_zip (2.0.2)
    windows (>= 1.2.2)
  windows (3.0.3)
    ohai (>= 4.0.0)
  yum-epel (2.1.1)
    compat_resource (>= 12.16.3)
  zipfile (0.2.0)
